// !$*UTF8*$!
{
	archiveVersion = 1;
	classes = {
	};
	objectVersion = 46;
	objects = {

/* Begin PBXBuildFile section */
		2EB524C318B4FEBC00411BF1 /* Foundation.framework in Frameworks */ = {isa = PBXBuildFile; fileRef = 2EB524C218B4FEBC00411BF1 /* Foundation.framework */; };
		2EB524C518B4FEBC00411BF1 /* CoreGraphics.framework in Frameworks */ = {isa = PBXBuildFile; fileRef = 2EB524C418B4FEBC00411BF1 /* CoreGraphics.framework */; };
		2EB524C718B4FEBC00411BF1 /* UIKit.framework in Frameworks */ = {isa = PBXBuildFile; fileRef = 2EB524C618B4FEBC00411BF1 /* UIKit.framework */; };
		2EB524CD18B4FEBC00411BF1 /* InfoPlist.strings in Resources */ = {isa = PBXBuildFile; fileRef = 2EB524CB18B4FEBC00411BF1 /* InfoPlist.strings */; };
		2EB524CF18B4FEBC00411BF1 /* main.m in Sources */ = {isa = PBXBuildFile; fileRef = 2EB524CE18B4FEBC00411BF1 /* main.m */; };
		2EB524D318B4FEBC00411BF1 /* AppDelegate.m in Sources */ = {isa = PBXBuildFile; fileRef = 2EB524D218B4FEBC00411BF1 /* AppDelegate.m */; };
		2EB524D618B4FEBC00411BF1 /* Main_iPhone.storyboard in Resources */ = {isa = PBXBuildFile; fileRef = 2EB524D418B4FEBC00411BF1 /* Main_iPhone.storyboard */; };
		2EB524D918B4FEBC00411BF1 /* Main_iPad.storyboard in Resources */ = {isa = PBXBuildFile; fileRef = 2EB524D718B4FEBC00411BF1 /* Main_iPad.storyboard */; };
		2EB524DC18B4FEBC00411BF1 /* ViewController.m in Sources */ = {isa = PBXBuildFile; fileRef = 2EB524DB18B4FEBC00411BF1 /* ViewController.m */; };
		2EB524DE18B4FEBD00411BF1 /* Images.xcassets in Resources */ = {isa = PBXBuildFile; fileRef = 2EB524DD18B4FEBD00411BF1 /* Images.xcassets */; };
		2EB524E518B4FEBD00411BF1 /* XCTest.framework in Frameworks */ = {isa = PBXBuildFile; fileRef = 2EB524E418B4FEBD00411BF1 /* XCTest.framework */; };
		2EB524E618B4FEBD00411BF1 /* Foundation.framework in Frameworks */ = {isa = PBXBuildFile; fileRef = 2EB524C218B4FEBC00411BF1 /* Foundation.framework */; };
		2EB524E718B4FEBD00411BF1 /* UIKit.framework in Frameworks */ = {isa = PBXBuildFile; fileRef = 2EB524C618B4FEBC00411BF1 /* UIKit.framework */; };
		2EB524EF18B4FEBD00411BF1 /* InfoPlist.strings in Resources */ = {isa = PBXBuildFile; fileRef = 2EB524ED18B4FEBD00411BF1 /* InfoPlist.strings */; };
		2EB524F118B4FEBD00411BF1 /* AudioBuslibpdTests.m in Sources */ = {isa = PBXBuildFile; fileRef = 2EB524F018B4FEBD00411BF1 /* AudioBuslibpdTests.m */; };
		2EB5251118B5107400411BF1 /* libpd-ios.a in Frameworks */ = {isa = PBXBuildFile; fileRef = 2EB5250018B5005000411BF1 /* libpd-ios.a */; };
		2EB5251518B5108500411BF1 /* AVFoundation.framework in Frameworks */ = {isa = PBXBuildFile; fileRef = 2EB5251318B5108500411BF1 /* AVFoundation.framework */; };
		2EB5251818B61E4A00411BF1 /* Test_Patch.pd in Resources */ = {isa = PBXBuildFile; fileRef = 2EB5251718B61E4A00411BF1 /* Test_Patch.pd */; };
		2EB5251C18B61FE300411BF1 /* AudioToolbox.framework in Frameworks */ = {isa = PBXBuildFile; fileRef = 2EB5251B18B61FE300411BF1 /* AudioToolbox.framework */; };
		2EB5251E18B622E200411BF1 /* libAudiobus.a in Frameworks */ = {isa = PBXBuildFile; fileRef = 2EB5251D18B622E200411BF1 /* libAudiobus.a */; };
		2EB5252018B6230C00411BF1 /* Accelerate.framework in Frameworks */ = {isa = PBXBuildFile; fileRef = 2EB5251F18B6230C00411BF1 /* Accelerate.framework */; };
		2EB5252218B6231700411BF1 /* QuartzCore.framework in Frameworks */ = {isa = PBXBuildFile; fileRef = 2EB5252118B6231700411BF1 /* QuartzCore.framework */; };
		2EB5252418B6231F00411BF1 /* Security.framework in Frameworks */ = {isa = PBXBuildFile; fileRef = 2EB5252318B6231F00411BF1 /* Security.framework */; };
/* End PBXBuildFile section */

/* Begin PBXContainerItemProxy section */
		2EB524E818B4FEBD00411BF1 /* PBXContainerItemProxy */ = {
			isa = PBXContainerItemProxy;
			containerPortal = 2EB524B718B4FEBC00411BF1 /* Project object */;
			proxyType = 1;
			remoteGlobalIDString = 2EB524BE18B4FEBC00411BF1;
			remoteInfo = AudioBuslibpd;
		};
		2EB524FF18B5005000411BF1 /* PBXContainerItemProxy */ = {
			isa = PBXContainerItemProxy;
			containerPortal = 2EB524FA18B5004E00411BF1 /* libpd.xcodeproj */;
			proxyType = 2;
			remoteGlobalIDString = D2AAC07E0554694100DB518D;
			remoteInfo = "libpd-ios";
		};
		2EB5250118B5005000411BF1 /* PBXContainerItemProxy */ = {
			isa = PBXContainerItemProxy;
			containerPortal = 2EB524FA18B5004E00411BF1 /* libpd.xcodeproj */;
			proxyType = 2;
			remoteGlobalIDString = 119013AB1486450C00086F19;
			remoteInfo = "libpd-osx";
		};
		2EB5251918B61F8000411BF1 /* PBXContainerItemProxy */ = {
			isa = PBXContainerItemProxy;
			containerPortal = 2EB524FA18B5004E00411BF1 /* libpd.xcodeproj */;
			proxyType = 1;
			remoteGlobalIDString = D2AAC07D0554694100DB518D;
			remoteInfo = "libpd-ios";
		};
/* End PBXContainerItemProxy section */

/* Begin PBXFileReference section */
		2EB524BF18B4FEBC00411BF1 /* AudioBuslibpd.app */ = {isa = PBXFileReference; explicitFileType = wrapper.application; includeInIndex = 0; path = AudioBuslibpd.app; sourceTree = BUILT_PRODUCTS_DIR; };
		2EB524C218B4FEBC00411BF1 /* Foundation.framework */ = {isa = PBXFileReference; lastKnownFileType = wrapper.framework; name = Foundation.framework; path = System/Library/Frameworks/Foundation.framework; sourceTree = SDKROOT; };
		2EB524C418B4FEBC00411BF1 /* CoreGraphics.framework */ = {isa = PBXFileReference; lastKnownFileType = wrapper.framework; name = CoreGraphics.framework; path = System/Library/Frameworks/CoreGraphics.framework; sourceTree = SDKROOT; };
		2EB524C618B4FEBC00411BF1 /* UIKit.framework */ = {isa = PBXFileReference; lastKnownFileType = wrapper.framework; name = UIKit.framework; path = System/Library/Frameworks/UIKit.framework; sourceTree = SDKROOT; };
		2EB524CA18B4FEBC00411BF1 /* AudioBuslibpd-Info.plist */ = {isa = PBXFileReference; lastKnownFileType = text.plist.xml; path = "AudioBuslibpd-Info.plist"; sourceTree = "<group>"; };
		2EB524CC18B4FEBC00411BF1 /* en */ = {isa = PBXFileReference; lastKnownFileType = text.plist.strings; name = en; path = en.lproj/InfoPlist.strings; sourceTree = "<group>"; };
		2EB524CE18B4FEBC00411BF1 /* main.m */ = {isa = PBXFileReference; lastKnownFileType = sourcecode.c.objc; path = main.m; sourceTree = "<group>"; };
		2EB524D018B4FEBC00411BF1 /* AudioBuslibpd-Prefix.pch */ = {isa = PBXFileReference; lastKnownFileType = sourcecode.c.h; path = "AudioBuslibpd-Prefix.pch"; sourceTree = "<group>"; };
		2EB524D118B4FEBC00411BF1 /* AppDelegate.h */ = {isa = PBXFileReference; lastKnownFileType = sourcecode.c.h; path = AppDelegate.h; sourceTree = "<group>"; };
		2EB524D218B4FEBC00411BF1 /* AppDelegate.m */ = {isa = PBXFileReference; lastKnownFileType = sourcecode.c.objc; path = AppDelegate.m; sourceTree = "<group>"; };
		2EB524D518B4FEBC00411BF1 /* Base */ = {isa = PBXFileReference; lastKnownFileType = file.storyboard; name = Base; path = Base.lproj/Main_iPhone.storyboard; sourceTree = "<group>"; };
		2EB524D818B4FEBC00411BF1 /* Base */ = {isa = PBXFileReference; lastKnownFileType = file.storyboard; name = Base; path = Base.lproj/Main_iPad.storyboard; sourceTree = "<group>"; };
		2EB524DA18B4FEBC00411BF1 /* ViewController.h */ = {isa = PBXFileReference; lastKnownFileType = sourcecode.c.h; path = ViewController.h; sourceTree = "<group>"; };
		2EB524DB18B4FEBC00411BF1 /* ViewController.m */ = {isa = PBXFileReference; lastKnownFileType = sourcecode.c.objc; path = ViewController.m; sourceTree = "<group>"; };
		2EB524DD18B4FEBD00411BF1 /* Images.xcassets */ = {isa = PBXFileReference; lastKnownFileType = folder.assetcatalog; path = Images.xcassets; sourceTree = "<group>"; };
		2EB524E318B4FEBD00411BF1 /* AudioBuslibpdTests.xctest */ = {isa = PBXFileReference; explicitFileType = wrapper.cfbundle; includeInIndex = 0; path = AudioBuslibpdTests.xctest; sourceTree = BUILT_PRODUCTS_DIR; };
		2EB524E418B4FEBD00411BF1 /* XCTest.framework */ = {isa = PBXFileReference; lastKnownFileType = wrapper.framework; name = XCTest.framework; path = Library/Frameworks/XCTest.framework; sourceTree = DEVELOPER_DIR; };
		2EB524EC18B4FEBD00411BF1 /* AudioBuslibpdTests-Info.plist */ = {isa = PBXFileReference; lastKnownFileType = text.plist.xml; path = "AudioBuslibpdTests-Info.plist"; sourceTree = "<group>"; };
		2EB524EE18B4FEBD00411BF1 /* en */ = {isa = PBXFileReference; lastKnownFileType = text.plist.strings; name = en; path = en.lproj/InfoPlist.strings; sourceTree = "<group>"; };
		2EB524F018B4FEBD00411BF1 /* AudioBuslibpdTests.m */ = {isa = PBXFileReference; lastKnownFileType = sourcecode.c.objc; path = AudioBuslibpdTests.m; sourceTree = "<group>"; };
		2EB524FA18B5004E00411BF1 /* libpd.xcodeproj */ = {isa = PBXFileReference; lastKnownFileType = "wrapper.pb-project"; name = libpd.xcodeproj; path = "Library/pd-for-ios/libpd/libpd.xcodeproj"; sourceTree = "<group>"; };
		2EB5250418B50FBF00411BF1 /* ABAnimatedTrigger.h */ = {isa = PBXFileReference; fileEncoding = 4; lastKnownFileType = sourcecode.c.h; path = ABAnimatedTrigger.h; sourceTree = "<group>"; };
		2EB5250518B50FBF00411BF1 /* ABAudiobusAudioUnitWrapper.h */ = {isa = PBXFileReference; fileEncoding = 4; lastKnownFileType = sourcecode.c.h; path = ABAudiobusAudioUnitWrapper.h; sourceTree = "<group>"; };
		2EB5250618B50FBF00411BF1 /* ABAudiobusController.h */ = {isa = PBXFileReference; fileEncoding = 4; lastKnownFileType = sourcecode.c.h; path = ABAudiobusController.h; sourceTree = "<group>"; };
		2EB5250718B50FBF00411BF1 /* ABCommon.h */ = {isa = PBXFileReference; fileEncoding = 4; lastKnownFileType = sourcecode.c.h; path = ABCommon.h; sourceTree = "<group>"; };
		2EB5250818B50FBF00411BF1 /* ABFilterPort.h */ = {isa = PBXFileReference; fileEncoding = 4; lastKnownFileType = sourcecode.c.h; path = ABFilterPort.h; sourceTree = "<group>"; };
		2EB5250918B50FBF00411BF1 /* ABInputPort.h */ = {isa = PBXFileReference; fileEncoding = 4; lastKnownFileType = sourcecode.c.h; path = ABInputPort.h; sourceTree = "<group>"; };
		2EB5250A18B50FBF00411BF1 /* ABLiveBuffer.h */ = {isa = PBXFileReference; fileEncoding = 4; lastKnownFileType = sourcecode.c.h; path = ABLiveBuffer.h; sourceTree = "<group>"; };
		2EB5250B18B50FBF00411BF1 /* ABMultiStreamBuffer.h */ = {isa = PBXFileReference; fileEncoding = 4; lastKnownFileType = sourcecode.c.h; path = ABMultiStreamBuffer.h; sourceTree = "<group>"; };
		2EB5250C18B50FBF00411BF1 /* ABOutputPort.h */ = {isa = PBXFileReference; fileEncoding = 4; lastKnownFileType = sourcecode.c.h; path = ABOutputPort.h; sourceTree = "<group>"; };
		2EB5250D18B50FBF00411BF1 /* ABPeer.h */ = {isa = PBXFileReference; fileEncoding = 4; lastKnownFileType = sourcecode.c.h; path = ABPeer.h; sourceTree = "<group>"; };
		2EB5250E18B50FBF00411BF1 /* ABPort.h */ = {isa = PBXFileReference; fileEncoding = 4; lastKnownFileType = sourcecode.c.h; path = ABPort.h; sourceTree = "<group>"; };
		2EB5250F18B50FBF00411BF1 /* ABTrigger.h */ = {isa = PBXFileReference; fileEncoding = 4; lastKnownFileType = sourcecode.c.h; path = ABTrigger.h; sourceTree = "<group>"; };
		2EB5251018B50FBF00411BF1 /* Audiobus.h */ = {isa = PBXFileReference; fileEncoding = 4; lastKnownFileType = sourcecode.c.h; path = Audiobus.h; sourceTree = "<group>"; };
		2EB5251218B5108500411BF1 /* AudioUnit.framework */ = {isa = PBXFileReference; lastKnownFileType = wrapper.framework; name = AudioUnit.framework; path = System/Library/Frameworks/AudioUnit.framework; sourceTree = SDKROOT; };
		2EB5251318B5108500411BF1 /* AVFoundation.framework */ = {isa = PBXFileReference; lastKnownFileType = wrapper.framework; name = AVFoundation.framework; path = System/Library/Frameworks/AVFoundation.framework; sourceTree = SDKROOT; };
		2EB5251718B61E4A00411BF1 /* Test_Patch.pd */ = {isa = PBXFileReference; fileEncoding = 4; lastKnownFileType = text; path = Test_Patch.pd; sourceTree = "<group>"; };
		2EB5251B18B61FE300411BF1 /* AudioToolbox.framework */ = {isa = PBXFileReference; lastKnownFileType = wrapper.framework; name = AudioToolbox.framework; path = System/Library/Frameworks/AudioToolbox.framework; sourceTree = SDKROOT; };
		2EB5251D18B622E200411BF1 /* libAudiobus.a */ = {isa = PBXFileReference; lastKnownFileType = archive.ar; name = libAudiobus.a; path = Library/SDK/libAudiobus.a; sourceTree = "<group>"; };
		2EB5251F18B6230C00411BF1 /* Accelerate.framework */ = {isa = PBXFileReference; lastKnownFileType = wrapper.framework; name = Accelerate.framework; path = System/Library/Frameworks/Accelerate.framework; sourceTree = SDKROOT; };
		2EB5252118B6231700411BF1 /* QuartzCore.framework */ = {isa = PBXFileReference; lastKnownFileType = wrapper.framework; name = QuartzCore.framework; path = System/Library/Frameworks/QuartzCore.framework; sourceTree = SDKROOT; };
		2EB5252318B6231F00411BF1 /* Security.framework */ = {isa = PBXFileReference; lastKnownFileType = wrapper.framework; name = Security.framework; path = System/Library/Frameworks/Security.framework; sourceTree = SDKROOT; };
/* End PBXFileReference section */

/* Begin PBXFrameworksBuildPhase section */
		2EB524BC18B4FEBC00411BF1 /* Frameworks */ = {
			isa = PBXFrameworksBuildPhase;
			buildActionMask = 2147483647;
			files = (
				2EB5252418B6231F00411BF1 /* Security.framework in Frameworks */,
				2EB5252218B6231700411BF1 /* QuartzCore.framework in Frameworks */,
				2EB5252018B6230C00411BF1 /* Accelerate.framework in Frameworks */,
				2EB524C518B4FEBC00411BF1 /* CoreGraphics.framework in Frameworks */,
				2EB5251E18B622E200411BF1 /* libAudiobus.a in Frameworks */,
				2EB5251C18B61FE300411BF1 /* AudioToolbox.framework in Frameworks */,
				2EB5251518B5108500411BF1 /* AVFoundation.framework in Frameworks */,
				2EB5251118B5107400411BF1 /* libpd-ios.a in Frameworks */,
				2EB524C718B4FEBC00411BF1 /* UIKit.framework in Frameworks */,
				2EB524C318B4FEBC00411BF1 /* Foundation.framework in Frameworks */,
			);
			runOnlyForDeploymentPostprocessing = 0;
		};
		2EB524E018B4FEBD00411BF1 /* Frameworks */ = {
			isa = PBXFrameworksBuildPhase;
			buildActionMask = 2147483647;
			files = (
				2EB524E518B4FEBD00411BF1 /* XCTest.framework in Frameworks */,
				2EB524E718B4FEBD00411BF1 /* UIKit.framework in Frameworks */,
				2EB524E618B4FEBD00411BF1 /* Foundation.framework in Frameworks */,
			);
			runOnlyForDeploymentPostprocessing = 0;
		};
/* End PBXFrameworksBuildPhase section */

/* Begin PBXGroup section */
		2EB524B618B4FEBC00411BF1 = {
			isa = PBXGroup;
			children = (
				2EB524FA18B5004E00411BF1 /* libpd.xcodeproj */,
				2EB524C818B4FEBC00411BF1 /* AudioBuslibpd */,
				2EB524EA18B4FEBD00411BF1 /* AudioBuslibpdTests */,
				2EB524C118B4FEBC00411BF1 /* Frameworks */,
				2EB524C018B4FEBC00411BF1 /* Products */,
				2EB5250318B50FBF00411BF1 /* Audiobus */,
			);
			sourceTree = "<group>";
		};
		2EB524C018B4FEBC00411BF1 /* Products */ = {
			isa = PBXGroup;
			children = (
				2EB524BF18B4FEBC00411BF1 /* AudioBuslibpd.app */,
				2EB524E318B4FEBD00411BF1 /* AudioBuslibpdTests.xctest */,
			);
			name = Products;
			sourceTree = "<group>";
		};
		2EB524C118B4FEBC00411BF1 /* Frameworks */ = {
			isa = PBXGroup;
			children = (
				2EB5252318B6231F00411BF1 /* Security.framework */,
				2EB5252118B6231700411BF1 /* QuartzCore.framework */,
				2EB5251F18B6230C00411BF1 /* Accelerate.framework */,
				2EB5251D18B622E200411BF1 /* libAudiobus.a */,
				2EB5251B18B61FE300411BF1 /* AudioToolbox.framework */,
				2EB5251218B5108500411BF1 /* AudioUnit.framework */,
				2EB5251318B5108500411BF1 /* AVFoundation.framework */,
				2EB524C218B4FEBC00411BF1 /* Foundation.framework */,
				2EB524C418B4FEBC00411BF1 /* CoreGraphics.framework */,
				2EB524C618B4FEBC00411BF1 /* UIKit.framework */,
				2EB524E418B4FEBD00411BF1 /* XCTest.framework */,
			);
			name = Frameworks;
			sourceTree = "<group>";
		};
		2EB524C818B4FEBC00411BF1 /* AudioBuslibpd */ = {
			isa = PBXGroup;
			children = (
				2EB5251618B61E4A00411BF1 /* Resources */,
				2EB524D118B4FEBC00411BF1 /* AppDelegate.h */,
				2EB524D218B4FEBC00411BF1 /* AppDelegate.m */,
				2EB524D418B4FEBC00411BF1 /* Main_iPhone.storyboard */,
				2EB524D718B4FEBC00411BF1 /* Main_iPad.storyboard */,
				2EB524DA18B4FEBC00411BF1 /* ViewController.h */,
				2EB524DB18B4FEBC00411BF1 /* ViewController.m */,
				2EB524DD18B4FEBD00411BF1 /* Images.xcassets */,
				2EB524C918B4FEBC00411BF1 /* Supporting Files */,
			);
			path = AudioBuslibpd;
			sourceTree = "<group>";
		};
		2EB524C918B4FEBC00411BF1 /* Supporting Files */ = {
			isa = PBXGroup;
			children = (
				2EB524CA18B4FEBC00411BF1 /* AudioBuslibpd-Info.plist */,
				2EB524CB18B4FEBC00411BF1 /* InfoPlist.strings */,
				2EB524CE18B4FEBC00411BF1 /* main.m */,
				2EB524D018B4FEBC00411BF1 /* AudioBuslibpd-Prefix.pch */,
			);
			name = "Supporting Files";
			sourceTree = "<group>";
		};
		2EB524EA18B4FEBD00411BF1 /* AudioBuslibpdTests */ = {
			isa = PBXGroup;
			children = (
				2EB524F018B4FEBD00411BF1 /* AudioBuslibpdTests.m */,
				2EB524EB18B4FEBD00411BF1 /* Supporting Files */,
			);
			path = AudioBuslibpdTests;
			sourceTree = "<group>";
		};
		2EB524EB18B4FEBD00411BF1 /* Supporting Files */ = {
			isa = PBXGroup;
			children = (
				2EB524EC18B4FEBD00411BF1 /* AudioBuslibpdTests-Info.plist */,
				2EB524ED18B4FEBD00411BF1 /* InfoPlist.strings */,
			);
			name = "Supporting Files";
			sourceTree = "<group>";
		};
		2EB524FB18B5004E00411BF1 /* Products */ = {
			isa = PBXGroup;
			children = (
				2EB5250018B5005000411BF1 /* libpd-ios.a */,
				2EB5250218B5005000411BF1 /* libpd-osx.a */,
			);
			name = Products;
			sourceTree = "<group>";
		};
		2EB5250318B50FBF00411BF1 /* Audiobus */ = {
			isa = PBXGroup;
			children = (
				2EB5250418B50FBF00411BF1 /* ABAnimatedTrigger.h */,
				2EB5250518B50FBF00411BF1 /* ABAudiobusAudioUnitWrapper.h */,
				2EB5250618B50FBF00411BF1 /* ABAudiobusController.h */,
				2EB5250718B50FBF00411BF1 /* ABCommon.h */,
				2EB5250818B50FBF00411BF1 /* ABFilterPort.h */,
				2EB5250918B50FBF00411BF1 /* ABInputPort.h */,
				2EB5250A18B50FBF00411BF1 /* ABLiveBuffer.h */,
				2EB5250B18B50FBF00411BF1 /* ABMultiStreamBuffer.h */,
				2EB5250C18B50FBF00411BF1 /* ABOutputPort.h */,
				2EB5250D18B50FBF00411BF1 /* ABPeer.h */,
				2EB5250E18B50FBF00411BF1 /* ABPort.h */,
				2EB5250F18B50FBF00411BF1 /* ABTrigger.h */,
				2EB5251018B50FBF00411BF1 /* Audiobus.h */,
			);
			name = Audiobus;
			path = Library/SDK/Audiobus;
			sourceTree = "<group>";
		};
		2EB5251618B61E4A00411BF1 /* Resources */ = {
			isa = PBXGroup;
			children = (
				2EB5251718B61E4A00411BF1 /* Test_Patch.pd */,
			);
			path = Resources;
			sourceTree = "<group>";
		};
/* End PBXGroup section */

/* Begin PBXNativeTarget section */
		2EB524BE18B4FEBC00411BF1 /* AudioBuslibpd */ = {
			isa = PBXNativeTarget;
			buildConfigurationList = 2EB524F418B4FEBD00411BF1 /* Build configuration list for PBXNativeTarget "AudioBuslibpd" */;
			buildPhases = (
				2EB524BB18B4FEBC00411BF1 /* Sources */,
				2EB524BC18B4FEBC00411BF1 /* Frameworks */,
				2EB524BD18B4FEBC00411BF1 /* Resources */,
			);
			buildRules = (
			);
			dependencies = (
				2EB5251A18B61F8000411BF1 /* PBXTargetDependency */,
			);
			name = AudioBuslibpd;
			productName = AudioBuslibpd;
			productReference = 2EB524BF18B4FEBC00411BF1 /* AudioBuslibpd.app */;
			productType = "com.apple.product-type.application";
		};
		2EB524E218B4FEBD00411BF1 /* AudioBuslibpdTests */ = {
			isa = PBXNativeTarget;
			buildConfigurationList = 2EB524F718B4FEBD00411BF1 /* Build configuration list for PBXNativeTarget "AudioBuslibpdTests" */;
			buildPhases = (
				2EB524DF18B4FEBD00411BF1 /* Sources */,
				2EB524E018B4FEBD00411BF1 /* Frameworks */,
				2EB524E118B4FEBD00411BF1 /* Resources */,
			);
			buildRules = (
			);
			dependencies = (
				2EB524E918B4FEBD00411BF1 /* PBXTargetDependency */,
			);
			name = AudioBuslibpdTests;
			productName = AudioBuslibpdTests;
			productReference = 2EB524E318B4FEBD00411BF1 /* AudioBuslibpdTests.xctest */;
			productType = "com.apple.product-type.bundle.unit-test";
		};
/* End PBXNativeTarget section */

/* Begin PBXProject section */
		2EB524B718B4FEBC00411BF1 /* Project object */ = {
			isa = PBXProject;
			attributes = {
				LastUpgradeCheck = 0500;
				ORGANIZATIONNAME = mra;
				TargetAttributes = {
					2EB524BE18B4FEBC00411BF1 = {
						DevelopmentTeam = 7WURG82436;
						SystemCapabilities = {
							com.apple.BackgroundModes = {
								enabled = 1;
							};
						};
					};
					2EB524E218B4FEBD00411BF1 = {
						TestTargetID = 2EB524BE18B4FEBC00411BF1;
					};
				};
			};
			buildConfigurationList = 2EB524BA18B4FEBC00411BF1 /* Build configuration list for PBXProject "AudioBuslibpd" */;
			compatibilityVersion = "Xcode 3.2";
			developmentRegion = English;
			hasScannedForEncodings = 0;
			knownRegions = (
				en,
				Base,
			);
			mainGroup = 2EB524B618B4FEBC00411BF1;
			productRefGroup = 2EB524C018B4FEBC00411BF1 /* Products */;
			projectDirPath = "";
			projectReferences = (
				{
					ProductGroup = 2EB524FB18B5004E00411BF1 /* Products */;
					ProjectRef = 2EB524FA18B5004E00411BF1 /* libpd.xcodeproj */;
				},
			);
			projectRoot = "";
			targets = (
				2EB524BE18B4FEBC00411BF1 /* AudioBuslibpd */,
				2EB524E218B4FEBD00411BF1 /* AudioBuslibpdTests */,
			);
		};
/* End PBXProject section */

/* Begin PBXReferenceProxy section */
		2EB5250018B5005000411BF1 /* libpd-ios.a */ = {
			isa = PBXReferenceProxy;
			fileType = archive.ar;
			path = "libpd-ios.a";
			remoteRef = 2EB524FF18B5005000411BF1 /* PBXContainerItemProxy */;
			sourceTree = BUILT_PRODUCTS_DIR;
		};
		2EB5250218B5005000411BF1 /* libpd-osx.a */ = {
			isa = PBXReferenceProxy;
			fileType = archive.ar;
			path = "libpd-osx.a";
			remoteRef = 2EB5250118B5005000411BF1 /* PBXContainerItemProxy */;
			sourceTree = BUILT_PRODUCTS_DIR;
		};
/* End PBXReferenceProxy section */

/* Begin PBXResourcesBuildPhase section */
		2EB524BD18B4FEBC00411BF1 /* Resources */ = {
			isa = PBXResourcesBuildPhase;
			buildActionMask = 2147483647;
			files = (
				2EB524D918B4FEBC00411BF1 /* Main_iPad.storyboard in Resources */,
				2EB5251818B61E4A00411BF1 /* Test_Patch.pd in Resources */,
				2EB524DE18B4FEBD00411BF1 /* Images.xcassets in Resources */,
				2EB524D618B4FEBC00411BF1 /* Main_iPhone.storyboard in Resources */,
				2EB524CD18B4FEBC00411BF1 /* InfoPlist.strings in Resources */,
			);
			runOnlyForDeploymentPostprocessing = 0;
		};
		2EB524E118B4FEBD00411BF1 /* Resources */ = {
			isa = PBXResourcesBuildPhase;
			buildActionMask = 2147483647;
			files = (
				2EB524EF18B4FEBD00411BF1 /* InfoPlist.strings in Resources */,
			);
			runOnlyForDeploymentPostprocessing = 0;
		};
/* End PBXResourcesBuildPhase section */

/* Begin PBXSourcesBuildPhase section */
		2EB524BB18B4FEBC00411BF1 /* Sources */ = {
			isa = PBXSourcesBuildPhase;
			buildActionMask = 2147483647;
			files = (
				2EB524DC18B4FEBC00411BF1 /* ViewController.m in Sources */,
				2EB524D318B4FEBC00411BF1 /* AppDelegate.m in Sources */,
				2EB524CF18B4FEBC00411BF1 /* main.m in Sources */,
			);
			runOnlyForDeploymentPostprocessing = 0;
		};
		2EB524DF18B4FEBD00411BF1 /* Sources */ = {
			isa = PBXSourcesBuildPhase;
			buildActionMask = 2147483647;
			files = (
				2EB524F118B4FEBD00411BF1 /* AudioBuslibpdTests.m in Sources */,
			);
			runOnlyForDeploymentPostprocessing = 0;
		};
/* End PBXSourcesBuildPhase section */

/* Begin PBXTargetDependency section */
		2EB524E918B4FEBD00411BF1 /* PBXTargetDependency */ = {
			isa = PBXTargetDependency;
			target = 2EB524BE18B4FEBC00411BF1 /* AudioBuslibpd */;
			targetProxy = 2EB524E818B4FEBD00411BF1 /* PBXContainerItemProxy */;
		};
		2EB5251A18B61F8000411BF1 /* PBXTargetDependency */ = {
			isa = PBXTargetDependency;
			name = "libpd-ios";
			targetProxy = 2EB5251918B61F8000411BF1 /* PBXContainerItemProxy */;
		};
/* End PBXTargetDependency section */

/* Begin PBXVariantGroup section */
		2EB524CB18B4FEBC00411BF1 /* InfoPlist.strings */ = {
			isa = PBXVariantGroup;
			children = (
				2EB524CC18B4FEBC00411BF1 /* en */,
			);
			name = InfoPlist.strings;
			sourceTree = "<group>";
		};
		2EB524D418B4FEBC00411BF1 /* Main_iPhone.storyboard */ = {
			isa = PBXVariantGroup;
			children = (
				2EB524D518B4FEBC00411BF1 /* Base */,
			);
			name = Main_iPhone.storyboard;
			sourceTree = "<group>";
		};
		2EB524D718B4FEBC00411BF1 /* Main_iPad.storyboard */ = {
			isa = PBXVariantGroup;
			children = (
				2EB524D818B4FEBC00411BF1 /* Base */,
			);
			name = Main_iPad.storyboard;
			sourceTree = "<group>";
		};
		2EB524ED18B4FEBD00411BF1 /* InfoPlist.strings */ = {
			isa = PBXVariantGroup;
			children = (
				2EB524EE18B4FEBD00411BF1 /* en */,
			);
			name = InfoPlist.strings;
			sourceTree = "<group>";
		};
/* End PBXVariantGroup section */

/* Begin XCBuildConfiguration section */
		2EB524F218B4FEBD00411BF1 /* Debug */ = {
			isa = XCBuildConfiguration;
			buildSettings = {
				ALWAYS_SEARCH_USER_PATHS = NO;
				ARCHS = "$(ARCHS_STANDARD)";
				CLANG_CXX_LANGUAGE_STANDARD = "gnu++0x";
				CLANG_CXX_LIBRARY = "libc++";
				CLANG_ENABLE_MODULES = YES;
				CLANG_ENABLE_OBJC_ARC = YES;
				CLANG_WARN_BOOL_CONVERSION = YES;
				CLANG_WARN_CONSTANT_CONVERSION = YES;
				CLANG_WARN_DIRECT_OBJC_ISA_USAGE = YES_ERROR;
				CLANG_WARN_EMPTY_BODY = YES;
				CLANG_WARN_ENUM_CONVERSION = YES;
				CLANG_WARN_INT_CONVERSION = YES;
				CLANG_WARN_OBJC_ROOT_CLASS = YES_ERROR;
				CLANG_WARN__DUPLICATE_METHOD_MATCH = YES;
				"CODE_SIGN_IDENTITY[sdk=iphoneos*]" = "iPhone Developer: paul adams (5N64VGY49G)";
				COPY_PHASE_STRIP = NO;
				FRAMEWORK_SEARCH_PATHS = "$PROJECT_DIR/**";
				GCC_C_LANGUAGE_STANDARD = gnu99;
				GCC_DYNAMIC_NO_PIC = NO;
				GCC_OPTIMIZATION_LEVEL = 0;
				GCC_PREPROCESSOR_DEFINITIONS = (
					"DEBUG=1",
					"$(inherited)",
				);
				GCC_SYMBOLS_PRIVATE_EXTERN = NO;
				GCC_WARN_64_TO_32_BIT_CONVERSION = YES;
				GCC_WARN_ABOUT_RETURN_TYPE = YES_ERROR;
				GCC_WARN_UNDECLARED_SELECTOR = YES;
				GCC_WARN_UNINITIALIZED_AUTOS = YES;
				GCC_WARN_UNUSED_FUNCTION = YES;
				GCC_WARN_UNUSED_VARIABLE = YES;
				HEADER_SEARCH_PATHS = (
					"$(inherited)",
					/Applications/Xcode.app/Contents/Developer/Toolchains/XcodeDefault.xctoolchain/usr/include,
					"$PROJECT_DIR/**",
				);
				IPHONEOS_DEPLOYMENT_TARGET = 7.0;
				LIBRARY_SEARCH_PATHS = "$PROJECT_DIR/**";
				ONLY_ACTIVE_ARCH = NO;
				SDKROOT = iphoneos;
				TARGETED_DEVICE_FAMILY = "1,2";
			};
			name = Debug;
		};
		2EB524F318B4FEBD00411BF1 /* Release */ = {
			isa = XCBuildConfiguration;
			buildSettings = {
				ALWAYS_SEARCH_USER_PATHS = NO;
				ARCHS = "$(ARCHS_STANDARD)";
				CLANG_CXX_LANGUAGE_STANDARD = "gnu++0x";
				CLANG_CXX_LIBRARY = "libc++";
				CLANG_ENABLE_MODULES = YES;
				CLANG_ENABLE_OBJC_ARC = YES;
				CLANG_WARN_BOOL_CONVERSION = YES;
				CLANG_WARN_CONSTANT_CONVERSION = YES;
				CLANG_WARN_DIRECT_OBJC_ISA_USAGE = YES_ERROR;
				CLANG_WARN_EMPTY_BODY = YES;
				CLANG_WARN_ENUM_CONVERSION = YES;
				CLANG_WARN_INT_CONVERSION = YES;
				CLANG_WARN_OBJC_ROOT_CLASS = YES_ERROR;
				CLANG_WARN__DUPLICATE_METHOD_MATCH = YES;
				"CODE_SIGN_IDENTITY[sdk=iphoneos*]" = "iPhone Developer: paul adams (5N64VGY49G)";
				COPY_PHASE_STRIP = YES;
				ENABLE_NS_ASSERTIONS = NO;
				FRAMEWORK_SEARCH_PATHS = "$PROJECT_DIR/**";
				GCC_C_LANGUAGE_STANDARD = gnu99;
				GCC_WARN_64_TO_32_BIT_CONVERSION = YES;
				GCC_WARN_ABOUT_RETURN_TYPE = YES_ERROR;
				GCC_WARN_UNDECLARED_SELECTOR = YES;
				GCC_WARN_UNINITIALIZED_AUTOS = YES;
				GCC_WARN_UNUSED_FUNCTION = YES;
				GCC_WARN_UNUSED_VARIABLE = YES;
				HEADER_SEARCH_PATHS = (
					"$(inherited)",
					/Applications/Xcode.app/Contents/Developer/Toolchains/XcodeDefault.xctoolchain/usr/include,
					"$PROJECT_DIR/**",
				);
				IPHONEOS_DEPLOYMENT_TARGET = 7.0;
				LIBRARY_SEARCH_PATHS = "$PROJECT_DIR/**";
				SDKROOT = iphoneos;
				TARGETED_DEVICE_FAMILY = "1,2";
				VALIDATE_PRODUCT = YES;
			};
			name = Release;
		};
		2EB524F518B4FEBD00411BF1 /* Debug */ = {
			isa = XCBuildConfiguration;
			buildSettings = {
				ASSETCATALOG_COMPILER_APPICON_NAME = AppIcon;
				ASSETCATALOG_COMPILER_LAUNCHIMAGE_NAME = LaunchImage;
				CODE_SIGN_IDENTITY = "iPhone Developer";
				"CODE_SIGN_IDENTITY[sdk=iphoneos*]" = "iPhone Developer";
				GCC_PRECOMPILE_PREFIX_HEADER = YES;
				GCC_PREFIX_HEADER = "AudioBuslibpd/AudioBuslibpd-Prefix.pch";
				INFOPLIST_FILE = "AudioBuslibpd/AudioBuslibpd-Info.plist";
				LIBRARY_SEARCH_PATHS = (
					"$(inherited)",
					/Users/mra/Documents/AppDevelopment/Examples/AudioBuslibpd/Library/SDK,
				);
				PRODUCT_NAME = "$(TARGET_NAME)";
				PROVISIONING_PROFILE = "";
				WRAPPER_EXTENSION = app;
			};
			name = Debug;
		};
		2EB524F618B4FEBD00411BF1 /* Release */ = {
			isa = XCBuildConfiguration;
			buildSettings = {
				ASSETCATALOG_COMPILER_APPICON_NAME = AppIcon;
				ASSETCATALOG_COMPILER_LAUNCHIMAGE_NAME = LaunchImage;
				CODE_SIGN_IDENTITY = "iPhone Developer";
				"CODE_SIGN_IDENTITY[sdk=iphoneos*]" = "iPhone Developer";
				GCC_PRECOMPILE_PREFIX_HEADER = YES;
				GCC_PREFIX_HEADER = "AudioBuslibpd/AudioBuslibpd-Prefix.pch";
				INFOPLIST_FILE = "AudioBuslibpd/AudioBuslibpd-Info.plist";
				LIBRARY_SEARCH_PATHS = (
					"$(inherited)",
					/Users/mra/Documents/AppDevelopment/Examples/AudioBuslibpd/Library/SDK,
				);
				PRODUCT_NAME = "$(TARGET_NAME)";
				PROVISIONING_PROFILE = "";
				WRAPPER_EXTENSION = app;
			};
			name = Release;
		};
		2EB524F818B4FEBD00411BF1 /* Debug */ = {
			isa = XCBuildConfiguration;
			buildSettings = {
				ARCHS = "$(ARCHS_STANDARD_INCLUDING_64_BIT)";
				BUNDLE_LOADER = "$(BUILT_PRODUCTS_DIR)/AudioBuslibpd.app/AudioBuslibpd";
				FRAMEWORK_SEARCH_PATHS = (
					"$(SDKROOT)/Developer/Library/Frameworks",
					"$(inherited)",
					"$(DEVELOPER_FRAMEWORKS_DIR)",
				);
				GCC_PRECOMPILE_PREFIX_HEADER = YES;
				GCC_PREFIX_HEADER = "AudioBuslibpd/AudioBuslibpd-Prefix.pch";
				GCC_PREPROCESSOR_DEFINITIONS = (
					"DEBUG=1",
					"$(inherited)",
				);
				INFOPLIST_FILE = "AudioBuslibpdTests/AudioBuslibpdTests-Info.plist";
				PRODUCT_NAME = "$(TARGET_NAME)";
				TEST_HOST = "$(BUNDLE_LOADER)";
				WRAPPER_EXTENSION = xctest;
			};
			name = Debug;
		};
		2EB524F918B4FEBD00411BF1 /* Release */ = {
			isa = XCBuildConfiguration;
			buildSettings = {
				ARCHS = "$(ARCHS_STANDARD_INCLUDING_64_BIT)";
				BUNDLE_LOADER = "$(BUILT_PRODUCTS_DIR)/AudioBuslibpd.app/AudioBuslibpd";
				FRAMEWORK_SEARCH_PATHS = (
					"$(SDKROOT)/Developer/Library/Frameworks",
					"$(inherited)",
					"$(DEVELOPER_FRAMEWORKS_DIR)",
				);
				GCC_PRECOMPILE_PREFIX_HEADER = YES;
				GCC_PREFIX_HEADER = "AudioBuslibpd/AudioBuslibpd-Prefix.pch";
				INFOPLIST_FILE = "AudioBuslibpdTests/AudioBuslibpdTests-Info.plist";
				PRODUCT_NAME = "$(TARGET_NAME)";
				TEST_HOST = "$(BUNDLE_LOADER)";
				WRAPPER_EXTENSION = xctest;
			};
			name = Release;
		};
/* End XCBuildConfiguration section */

/* Begin XCConfigurationList section */
		2EB524BA18B4FEBC00411BF1 /* Build configuration list for PBXProject "AudioBuslibpd" */ = {
			isa = XCConfigurationList;
			buildConfigurations = (
				2EB524F218B4FEBD00411BF1 /* Debug */,
				2EB524F318B4FEBD00411BF1 /* Release */,
			);
			defaultConfigurationIsVisible = 0;
			defaultConfigurationName = Release;
		};
		2EB524F418B4FEBD00411BF1 /* Build configuration list for PBXNativeTarget "AudioBuslibpd" */ = {
			isa = XCConfigurationList;
			buildConfigurations = (
				2EB524F518B4FEBD00411BF1 /* Debug */,
				2EB524F618B4FEBD00411BF1 /* Release */,
			);
			defaultConfigurationIsVisible = 0;
			defaultConfigurationName = Release;
		};
		2EB524F718B4FEBD00411BF1 /* Build configuration list for PBXNativeTarget "AudioBuslibpdTests" */ = {
			isa = XCConfigurationList;
			buildConfigurations = (
				2EB524F818B4FEBD00411BF1 /* Debug */,
				2EB524F918B4FEBD00411BF1 /* Release */,
			);
			defaultConfigurationIsVisible = 0;
			defaultConfigurationName = Release;
		};
/* End XCConfigurationList section */
	};
	rootObject = 2EB524B718B4FEBC00411BF1 /* Project object */;
}
